<?xml version="1.0" encoding="utf-8"?>
<Project ToolsVersion="4.0" xmlns="http://schemas.microsoft.com/developer/msbuild/2003">
  <ItemGroup>
    <Filter Include="Source Files">
      <UniqueIdentifier>{4FC737F1-C7A5-4376-A066-2A32D752A2FF}</UniqueIdentifier>
      <Extensions>cpp;cxx;c;def</Extensions>
    </Filter>
    <Filter Include="Header Files">
      <UniqueIdentifier>{93995380-89BD-4b04-88EB-625FBE52EBFB}</UniqueIdentifier>
      <Extensions>h</Extensions>
    </Filter>
    <Filter Include="Form Files">
      <UniqueIdentifier>{99349809-55BA-4b9d-BF79-8FDBB0286EB3}</UniqueIdentifier>
      <Extensions>ui</Extensions>
    </Filter>
    <Filter Include="Resource Files">
      <UniqueIdentifier>{D9D6E242-F8AF-46E4-B9FD-80ECBC20BA3E}</UniqueIdentifier>
      <Extensions>qrc;*</Extensions>
      <ParseFiles>false</ParseFiles>
    </Filter>
    <Filter Include="Generated Files">
      <UniqueIdentifier>{71ED8ED8-ACB9-4CE9-BBE1-E00B30144E11}</UniqueIdentifier>
      <Extensions>moc;h;cpp</Extensions>
      <SourceControlFiles>False</SourceControlFiles>
    </Filter>
    <Filter Include="Generated Files\Debug">
      <UniqueIdentifier>{bc23fe3f-9473-47c1-9e1d-cf7376a69eff}</UniqueIdentifier>
      <Extensions>cpp;moc</Extensions>
      <SourceControlFiles>False</SourceControlFiles>
    </Filter>
    <Filter Include="Generated Files\Release">
      <UniqueIdentifier>{e43774de-e34a-43c8-ab52-dfe991fbc06d}</UniqueIdentifier>
      <Extensions>cpp;moc</Extensions>
      <SourceControlFiles>False</SourceControlFiles>
    </Filter>
  </ItemGroup>
  <ItemGroup>
    <ClCompile Include="GeneratedFiles\Debug\moc_Datebase_pool_tmeplate.cpp">
      <Filter>Generated Files\Debug</Filter>
    </ClCompile>
    <ClCompile Include="GeneratedFiles\Release\moc_Datebase_pool_tmeplate.cpp">
      <Filter>Generated Files\Release</Filter>
    </ClCompile>
    <ClCompile Include="GeneratedFiles\Debug\moc_IDatabase.cpp">
      <Filter>Generated Files\Debug</Filter>
    </ClCompile>
    <ClCompile Include="GeneratedFiles\Release\moc_IDatabase.cpp">
      <Filter>Generated Files\Release</Filter>
    </ClCompile>
    <ClCompile Include="GeneratedFiles\Debug\moc_Object_qdbc.cpp">
      <Filter>Generated Files\Debug</Filter>
    </ClCompile>
    <ClCompile Include="GeneratedFiles\Release\moc_Object_qdbc.cpp">
      <Filter>Generated Files\Release</Filter>
    </ClCompile>
    <ClCompile Include="GeneratedFiles\Debug\moc_QdbcFactory.cpp">
      <Filter>Generated Files\Debug</Filter>
    </ClCompile>
    <ClCompile Include="GeneratedFiles\Release\moc_QdbcFactory.cpp">
      <Filter>Generated Files\Release</Filter>
    </ClCompile>
    <ClCompile Include="GeneratedFiles\Debug\moc_QTemplateThread.cpp">
      <Filter>Generated Files\Debug</Filter>
    </ClCompile>
    <ClCompile Include="GeneratedFiles\Release\moc_QTemplateThread.cpp">
      <Filter>Generated Files\Release</Filter>
    </ClCompile>
    <ClCompile Include="Qdbc\analysis_container.cpp">
      <Filter>Source Files</Filter>
    </ClCompile>
    <ClCompile Include="Qdbc\Database_operator_template.cpp">
      <Filter>Source Files</Filter>
    </ClCompile>
    <ClCompile Include="Qdbc\Datebase_pool_tmeplate.cpp">
      <Filter>Source Files</Filter>
    </ClCompile>
    <ClCompile Include="Qdbc\IDatabase.cpp">
      <Filter>Source Files</Filter>
    </ClCompile>
    <ClCompile Include="Qdbc\Object_qdbc.cpp">
      <Filter>Source Files</Filter>
    </ClCompile>
    <ClCompile Include="Qdbc\QdbcFactory.cpp">
      <Filter>Source Files</Filter>
    </ClCompile>
    <ClCompile Include="Qdbc\QTemplateThread.cpp">
      <Filter>Source Files</Filter>
    </ClCompile>
  </ItemGroup>
  <ItemGroup>
    <ClInclude Include="include\analysis_container.h">
      <Filter>Header Files</Filter>
    </ClInclude>
    <ClInclude Include="include\Database_operator_template.h">
      <Filter>Header Files</Filter>
    </ClInclude>
    <ClInclude Include="include\Qdbc.h">
      <Filter>Header Files</Filter>
    </ClInclude>
    <ClInclude Include="include\qtormlib_global.h">
      <Filter>Header Files</Filter>
    </ClInclude>
  </ItemGroup>
  <ItemGroup>
    <CustomBuild Include="include\Datebase_pool_tmeplate.h">
      <Filter>Header Files</Filter>
    </CustomBuild>
    <CustomBuild Include="include\IDatabase.h">
      <Filter>Header Files</Filter>
    </CustomBuild>
    <CustomBuild Include="include\Object_qdbc.h">
      <Filter>Header Files</Filter>
    </CustomBuild>
    <CustomBuild Include="include\QdbcFactory.h">
      <Filter>Header Files</Filter>
    </CustomBuild>
    <CustomBuild Include="include\QTemplateThread.h">
      <Filter>Header Files</Filter>
    </CustomBuild>
  </ItemGroup>
</Project>